
Microsoft Visual Studio Solution File, Format Version 12.00
# Visual Studio Version 17
VisualStudioVersion = 17.0.31903.59
MinimumVisualStudioVersion = 10.0.40219.1
Project("{9A19103F-16F7-4668-BE54-9A1E7A4F7556}") = "DevIO.Business", "..\..\01 MinhaAPICompleta 6.0\src\DevIO.Business\DevIO.Business.csproj", "{24F3A851-4441-4372-BCEE-55FD9B16996D}"
EndProject
Project("{9A19103F-16F7-4668-BE54-9A1E7A4F7556}") = "DevIO.Data", "..\..\01 MinhaAPICompleta 6.0\src\DevIO.Data\DevIO.Data.csproj", "{98E61FEB-4E4C-4A30-9D3C-EEE5C501D5AE}"
EndProject
Project("{FAE04EC0-301F-11D3-BF4B-00C04F79EFBC}") = "DevIO.Api", "src\DevIO.Api\DevIO.Api.csproj", "{0F30F38B-612F-483F-92F9-C07748F9E39D}"
EndProject
Global
	GlobalSection(SolutionConfigurationPlatforms) = preSolution
		Debug|Any CPU = Debug|Any CPU
		Release|Any CPU = Release|Any CPU
	EndGlobalSection
	GlobalSection(ProjectConfigurationPlatforms) = postSolution
		{24F3A851-4441-4372-BCEE-55FD9B16996D}.Debug|Any CPU.ActiveCfg = Debug|Any CPU
		{24F3A851-4441-4372-BCEE-55FD9B16996D}.Debug|Any CPU.Build.0 = Debug|Any CPU
		{24F3A851-4441-4372-BCEE-55FD9B16996D}.Release|Any CPU.ActiveCfg = Release|Any CPU
		{24F3A851-4441-4372-BCEE-55FD9B16996D}.Release|Any CPU.Build.0 = Release|Any CPU
		{98E61FEB-4E4C-4A30-9D3C-EEE5C501D5AE}.Debug|Any CPU.ActiveCfg = Debug|Any CPU
		{98E61FEB-4E4C-4A30-9D3C-EEE5C501D5AE}.Debug|Any CPU.Build.0 = Debug|Any CPU
		{98E61FEB-4E4C-4A30-9D3C-EEE5C501D5AE}.Release|Any CPU.ActiveCfg = Release|Any CPU
		{98E61FEB-4E4C-4A30-9D3C-EEE5C501D5AE}.Release|Any CPU.Build.0 = Release|Any CPU
		{0F30F38B-612F-483F-92F9-C07748F9E39D}.Debug|Any CPU.ActiveCfg = Debug|Any CPU
		{0F30F38B-612F-483F-92F9-C07748F9E39D}.Debug|Any CPU.Build.0 = Debug|Any CPU
		{0F30F38B-612F-483F-92F9-C07748F9E39D}.Release|Any CPU.ActiveCfg = Release|Any CPU
		{0F30F38B-612F-483F-92F9-C07748F9E39D}.Release|Any CPU.Build.0 = Release|Any CPU
	EndGlobalSection
	GlobalSection(SolutionProperties) = preSolution
		HideSolutionNode = FALSE
	EndGlobalSection
	GlobalSection(ExtensibilityGlobals) = postSolution
		SolutionGuid = {9C3C7BC6-758C-495E-AAAF-FC92467CC8D0}
	EndGlobalSection
EndGlobal
